
Microsoft Visual Studio Solution File, Format Version 12.00
# Visual Studio Version 16
VisualStudioVersion = 16.0.31624.102
MinimumVisualStudioVersion = 10.0.40219.1
Project("{FAE04EC0-301F-11D3-BF4B-00C04F79EFBC}") = "WorkingWithThread", "WorkingWithThread\WorkingWithThread.csproj", "{77743407-C639-4EF1-8A3E-884BB9A335FE}"
EndProject
Global
	GlobalSection(SolutionConfigurationPlatforms) = preSolution
		Debug|Any CPU = Debug|Any CPU
		Release|Any CPU = Release|Any CPU
	EndGlobalSection
	GlobalSection(ProjectConfigurationPlatforms) = postSolution
		{77743407-C639-4EF1-8A3E-884BB9A335FE}.Debug|Any CPU.ActiveCfg = Debug|Any CPU
		{77743407-C639-4EF1-8A3E-884BB9A335FE}.Debug|Any CPU.Build.0 = Debug|Any CPU
		{77743407-C639-4EF1-8A3E-884BB9A335FE}.Release|Any CPU.ActiveCfg = Release|Any CPU
		{77743407-C639-4EF1-8A3E-884BB9A335FE}.Release|Any CPU.Build.0 = Release|Any CPU
	EndGlobalSection
	GlobalSection(SolutionProperties) = preSolution
		HideSolutionNode = FALSE
	EndGlobalSection
	GlobalSection(ExtensibilityGlobals) = postSolution
		SolutionGuid = {80440FF4-95D9-4C68-AFF0-16C7EA502097}
	EndGlobalSection
EndGlobal
